Microsoft Visual Studio Solution File, Format Version 12.00
# Visual Studio 15
VisualStudioVersion = 15.0.27130.2036
MinimumVisualStudioVersion = 10.0.40219.1
Project("{8eb3d8cd-5af4-41a8-80bd-deb19e838d2a}") = "FPSController", "FPSController\FPSController.csproj", "{c0c9e182-1bc5-40d4-8bc1-bcfbd05de848}"
EndProject
Global
	GlobalSection(SolutionConfigurationPlatforms) = preSolution
		Debug|Any CPU = Debug|Any CPU
		Release|Any CPU = Release|Any CPU
	EndGlobalSection
	GlobalSection(ProjectConfigurationPlatforms) = postSolution
		{c0c9e182-1bc5-40d4-8bc1-bcfbd05de848}.Debug|Any CPU.ActiveCfg = Debug|Any CPU
		{c0c9e182-1bc5-40d4-8bc1-bcfbd05de848}.Debug|Any CPU.Build.0 = Debug|Any CPU
		{c0c9e182-1bc5-40d4-8bc1-bcfbd05de848}.Release|Any CPU.ActiveCfg = Release|Any CPU
		{c0c9e182-1bc5-40d4-8bc1-bcfbd05de848}.Release|Any CPU.Build.0 = Release|Any CPU
	EndGlobalSection
	GlobalSection(SolutionProperties) = preSolution
		HideSolutionNode = FALSE
	EndGlobalSection
	GlobalSection(ExtensibilityGlobals) = postSolution
		SolutionGuid = {4871b523-9963-44ed-b84c-5224bc9bbf7a}
	EndGlobalSection
EndGlobal
